
Microsoft Visual Studio Solution File, Format Version 12.00
# Visual Studio Version 17
VisualStudioVersion = 17.12.35527.113
MinimumVisualStudioVersion = 10.0.40219.1
Project("{FAE04EC0-301F-11D3-BF4B-00C04F79EFBC}") = "ReignOS.Core", "ReignOS.Core\ReignOS.Core.csproj", "{4180BDC3-C61A-4D52-97E0-BB04A6DF3301}"
EndProject
Project("{FAE04EC0-301F-11D3-BF4B-00C04F79EFBC}") = "ReignOS.Bootloader", "ReignOS.Bootloader\ReignOS.Bootloader.csproj", "{DF7643EC-2110-4CD8-BA7F-AC78E9617D3D}"
	ProjectSection(ProjectDependencies) = postProject
		{07AC4644-F676-4B18-9585-46E7A3FCE528} = {07AC4644-F676-4B18-9585-46E7A3FCE528}
		{FB7A85ED-B4D7-4846-B994-2E1583EA884F} = {FB7A85ED-B4D7-4846-B994-2E1583EA884F}
	EndProjectSection
EndProject
Project("{FAE04EC0-301F-11D3-BF4B-00C04F79EFBC}") = "ReignOS.Service", "ReignOS.Service\ReignOS.Service.csproj", "{FB7A85ED-B4D7-4846-B994-2E1583EA884F}"
EndProject
Project("{FAE04EC0-301F-11D3-BF4B-00C04F79EFBC}") = "ReignOS.ControlCenter", "ReignOS.ControlCenter\ReignOS.ControlCenter.csproj", "{07AC4644-F676-4B18-9585-46E7A3FCE528}"
EndProject
Project("{FAE04EC0-301F-11D3-BF4B-00C04F79EFBC}") = "ReignOS.Monitor", "ReignOS.Monitor\ReignOS.Monitor.csproj", "{B2E10562-68FE-429B-B798-01FC7A681BFB}"
EndProject
Project("{FAE04EC0-301F-11D3-BF4B-00C04F79EFBC}") = "ReignOS.DeviceTester", "ReignOS.DeviceTester\ReignOS.DeviceTester.csproj", "{D4CEFD78-A016-46C7-A790-024D16600116}"
EndProject
Global
	GlobalSection(SolutionConfigurationPlatforms) = preSolution
		Debug|Any CPU = Debug|Any CPU
		Release|Any CPU = Release|Any CPU
	EndGlobalSection
	GlobalSection(ProjectConfigurationPlatforms) = postSolution
		{4180BDC3-C61A-4D52-97E0-BB04A6DF3301}.Debug|Any CPU.ActiveCfg = Debug|Any CPU
		{4180BDC3-C61A-4D52-97E0-BB04A6DF3301}.Debug|Any CPU.Build.0 = Debug|Any CPU
		{4180BDC3-C61A-4D52-97E0-BB04A6DF3301}.Release|Any CPU.ActiveCfg = Release|Any CPU
		{4180BDC3-C61A-4D52-97E0-BB04A6DF3301}.Release|Any CPU.Build.0 = Release|Any CPU
		{DF7643EC-2110-4CD8-BA7F-AC78E9617D3D}.Debug|Any CPU.ActiveCfg = Debug|Any CPU
		{DF7643EC-2110-4CD8-BA7F-AC78E9617D3D}.Debug|Any CPU.Build.0 = Debug|Any CPU
		{DF7643EC-2110-4CD8-BA7F-AC78E9617D3D}.Release|Any CPU.ActiveCfg = Release|Any CPU
		{DF7643EC-2110-4CD8-BA7F-AC78E9617D3D}.Release|Any CPU.Build.0 = Release|Any CPU
		{FB7A85ED-B4D7-4846-B994-2E1583EA884F}.Debug|Any CPU.ActiveCfg = Debug|Any CPU
		{FB7A85ED-B4D7-4846-B994-2E1583EA884F}.Debug|Any CPU.Build.0 = Debug|Any CPU
		{FB7A85ED-B4D7-4846-B994-2E1583EA884F}.Release|Any CPU.ActiveCfg = Release|Any CPU
		{FB7A85ED-B4D7-4846-B994-2E1583EA884F}.Release|Any CPU.Build.0 = Release|Any CPU
		{07AC4644-F676-4B18-9585-46E7A3FCE528}.Debug|Any CPU.ActiveCfg = Debug|Any CPU
		{07AC4644-F676-4B18-9585-46E7A3FCE528}.Debug|Any CPU.Build.0 = Debug|Any CPU
		{07AC4644-F676-4B18-9585-46E7A3FCE528}.Release|Any CPU.ActiveCfg = Release|Any CPU
		{07AC4644-F676-4B18-9585-46E7A3FCE528}.Release|Any CPU.Build.0 = Release|Any CPU
		{B2E10562-68FE-429B-B798-01FC7A681BFB}.Debug|Any CPU.ActiveCfg = Debug|Any CPU
		{B2E10562-68FE-429B-B798-01FC7A681BFB}.Debug|Any CPU.Build.0 = Debug|Any CPU
		{B2E10562-68FE-429B-B798-01FC7A681BFB}.Release|Any CPU.ActiveCfg = Release|Any CPU
		{B2E10562-68FE-429B-B798-01FC7A681BFB}.Release|Any CPU.Build.0 = Release|Any CPU
		{D4CEFD78-A016-46C7-A790-024D16600116}.Debug|Any CPU.ActiveCfg = Debug|Any CPU
		{D4CEFD78-A016-46C7-A790-024D16600116}.Debug|Any CPU.Build.0 = Debug|Any CPU
		{D4CEFD78-A016-46C7-A790-024D16600116}.Release|Any CPU.ActiveCfg = Release|Any CPU
		{D4CEFD78-A016-46C7-A790-024D16600116}.Release|Any CPU.Build.0 = Release|Any CPU
	EndGlobalSection
	GlobalSection(SolutionProperties) = preSolution
		HideSolutionNode = FALSE
	EndGlobalSection
EndGlobal
